{
  "name": "nottpr",
  "version": "1.0.0",
  "lockfileVersion": 3,
  "requires": true,
  "packages": {
    "": {
      "name": "nottpr",
      "version": "1.0.0",
      "license": "MIT",
      "dependencies": {
        "center-align": "^1.0.1",
        "z3r-patch": "^1.0.4"
      },
      "devDependencies": {
        "@tsconfig/node18": "^18.2.1",
        "@types/center-align": "^1.0.0",
        "@types/flat": "^5.0.2",
        "@types/node": "^20.5.9"
      },
      "engines": {
        "node": ">=22.16.0"
      }
    },
    "node_modules/@jaxxy/z3pr": {
      "version": "1.0.2",
      "resolved": "https://registry.npmjs.org/@jaxxy/z3pr/-/z3pr-1.0.2.tgz",
      "integrity": "sha512-WYHD/oi1X2RUbLZ+W9bkhO3aQtT3+dMNVScE6MURimtDOPRazTPztSmqPpwqApm311XCyfNe7vy2l46UWKe/Qw==",
      "dependencies": {
        "lodash": "^4.17.20"
      }
    },
    "node_modules/@tsconfig/node18": {
      "version": "18.2.1",
      "resolved": "https://registry.npmjs.org/@tsconfig/node18/-/node18-18.2.1.tgz",
      "integrity": "sha512-RDDZFuofwkcKpl8Vpj5wFbY+H53xOtqK7ckEL1sXsbPwvKwDdjQf3LkHbtt9sxIHn9nWIEwkmCwBRZ6z5TKU2A==",
      "dev": true
    },
    "node_modules/@types/center-align": {
      "version": "1.0.0",
      "resolved": "https://registry.npmjs.org/@types/center-align/-/center-align-1.0.0.tgz",
      "integrity": "sha512-cO5wzn+IbPxlsfVIlSVBc0zm89eH49Hen7JkBhMVumIDziah4rt71kbRWWgbwTy8K3Orkj+T61yTFJpSWasHnQ==",
      "dev": true
    },
    "node_modules/@types/flat": {
      "version": "5.0.2",
      "resolved": "https://registry.npmjs.org/@types/flat/-/flat-5.0.2.tgz",
      "integrity": "sha512-3zsplnP2djeps5P9OyarTxwRpMLoe5Ash8aL9iprw0JxB+FAHjY+ifn4yZUuW4/9hqtnmor6uvjSRzJhiVbrEQ==",
      "dev": true
    },
    "node_modules/@types/node": {
      "version": "20.5.9",
      "resolved": "https://registry.npmjs.org/@types/node/-/node-20.5.9.tgz",
      "integrity": "sha512-PcGNd//40kHAS3sTlzKB9C9XL4K0sTup8nbG5lC14kzEteTNuAFh9u5nA0o5TWnSG2r/JNPRXFVcHJIIeRlmqQ==",
      "dev": true
    },
    "node_modules/align-text": {
      "version": "1.0.2",
      "resolved": "https://registry.npmjs.org/align-text/-/align-text-1.0.2.tgz",
      "integrity": "sha512-uBPDs72zrRTdiTBY0YjBbuBOdXtRyT4qsKPb4bL4O7vH4utz/7KjwTJVsVbdThxMbVzkRGAfk8Ml3xoMvXSEYw==",
      "dependencies": {
        "kind-of": "^5.0.2",
        "longest": "^2.0.1",
        "repeat-string": "^1.6.1"
      },
      "engines": {
        "node": ">=0.10.0"
      }
    },
    "node_modules/bps": {
      "version": "2.0.1",
      "resolved": "https://registry.npmjs.org/bps/-/bps-2.0.1.tgz",
      "integrity": "sha512-fQOQ15g9iOXnDzeXpwYwBVpvoNxwgIz3cxrdYY7/Ebcfa1MimSwW2uD9L5B9ChK5JPykvLRhOBb2zjnvj+toBw==",
      "dependencies": {
        "chalk-template": "1.1.0",
        "commander": "12.0.0",
        "crc-32": "1.2.2",
        "fs-extra": "11.2.0"
      },
      "bin": {
        "bps": "bps.cli.js"
      },
      "engines": {
        "node": ">=18.0.0"
      }
    },
    "node_modules/center-align": {
      "version": "1.0.1",
      "resolved": "https://registry.npmjs.org/center-align/-/center-align-1.0.1.tgz",
      "integrity": "sha512-j6Ba1Vwtu0i9CUfM5VicnMqOsNRMYnNAoTUTB/EzUFhBKkqFPD5UE2WTCSIy49OnbjTEnJ0t2CFPYMbKNrUi/A==",
      "dependencies": {
        "align-text": "^1.0.0",
        "repeat-string": "^1.6.1"
      },
      "engines": {
        "node": ">=0.10.0"
      }
    },
    "node_modules/chalk": {
      "version": "5.4.1",
      "resolved": "https://registry.npmjs.org/chalk/-/chalk-5.4.1.tgz",
      "integrity": "sha512-zgVZuo2WcZgfUEmsn6eO3kINexW8RAE4maiQ8QNs8CtpPCSyMiYsULR3HQYkm3w8FIA3SberyMJMSldGsW+U3w==",
      "engines": {
        "node": "^12.17.0 || ^14.13 || >=16.0.0"
      },
      "funding": {
        "url": "https://github.com/chalk/chalk?sponsor=1"
      }
    },
    "node_modules/chalk-template": {
      "version": "1.1.0",
      "resolved": "https://registry.npmjs.org/chalk-template/-/chalk-template-1.1.0.tgz",
      "integrity": "sha512-T2VJbcDuZQ0Tb2EWwSotMPJjgpy1/tGee1BTpUNsGZ/qgNjV2t7Mvu+d4600U564nbLesN1x2dPL+xii174Ekg==",
      "dependencies": {
        "chalk": "^5.2.0"
      },
      "engines": {
        "node": ">=14.16"
      },
      "funding": {
        "url": "https://github.com/chalk/chalk-template?sponsor=1"
      }
    },
    "node_modules/commander": {
      "version": "12.0.0",
      "resolved": "https://registry.npmjs.org/commander/-/commander-12.0.0.tgz",
      "integrity": "sha512-MwVNWlYjDTtOjX5PiD7o5pK0UrFU/OYgcJfjjK4RaHZETNtjJqrZa9Y9ds88+A+f+d5lv+561eZ+yCKoS3gbAA==",
      "engines": {
        "node": ">=18"
      }
    },
    "node_modules/crc-32": {
      "version": "1.2.2",
      "resolved": "https://registry.npmjs.org/crc-32/-/crc-32-1.2.2.tgz",
      "integrity": "sha512-ROmzCKrTnOwybPcJApAA6WBWij23HVfGVNKqqrZpuyZOHqK2CwHSvpGuyt/UNNvaIjEd8X5IFGp4Mh+Ie1IHJQ==",
      "bin": {
        "crc32": "bin/crc32.njs"
      },
      "engines": {
        "node": ">=0.8"
      }
    },
    "node_modules/fs-extra": {
      "version": "11.2.0",
      "resolved": "https://registry.npmjs.org/fs-extra/-/fs-extra-11.2.0.tgz",
      "integrity": "sha512-PmDi3uwK5nFuXh7XDTlVnS17xJS7vW36is2+w3xcv8SVxiB4NyATf4ctkVY5bkSjX0Y4nbvZCq1/EjtEyr9ktw==",
      "dependencies": {
        "graceful-fs": "^4.2.0",
        "jsonfile": "^6.0.1",
        "universalify": "^2.0.0"
      },
      "engines": {
        "node": ">=14.14"
      }
    },
    "node_modules/graceful-fs": {
      "version": "4.2.11",
      "resolved": "https://registry.npmjs.org/graceful-fs/-/graceful-fs-4.2.11.tgz",
      "integrity": "sha512-RbJ5/jmFcNNCcDV5o9eTnBLJ/HszWV0P73bc+Ff4nS/rJj+YaS6IGyiOL0VoBYX+l1Wrl3k63h/KrH+nhJ0XvQ=="
    },
    "node_modules/jsonfile": {
      "version": "6.1.0",
      "resolved": "https://registry.npmjs.org/jsonfile/-/jsonfile-6.1.0.tgz",
      "integrity": "sha512-5dgndWOriYSm5cnYaJNhalLNDKOqFwyDB/rr1E9ZsGciGvKPs8R2xYGCacuf3z6K1YKDz182fd+fY3cn3pMqXQ==",
      "dependencies": {
        "universalify": "^2.0.0"
      },
      "optionalDependencies": {
        "graceful-fs": "^4.1.6"
      }
    },
    "node_modules/kind-of": {
      "version": "5.1.0",
      "resolved": "https://registry.npmjs.org/kind-of/-/kind-of-5.1.0.tgz",
      "integrity": "sha512-NGEErnH6F2vUuXDh+OlbcKW7/wOcfdRHaZ7VWtqCztfHri/++YKmP51OdWeGPuqCOba6kk2OTe5d02VmTB80Pw==",
      "engines": {
        "node": ">=0.10.0"
      }
    },
    "node_modules/lodash": {
      "version": "4.17.21",
      "resolved": "https://registry.npmjs.org/lodash/-/lodash-4.17.21.tgz",
      "integrity": "sha512-v2kDEe57lecTulaDIuNTPy3Ry4gLGJ6Z1O3vE1krgXZNrsQ+LFTGHVxVjcXPs17LhbZVGedAJv8XZ1tvj5FvSg=="
    },
    "node_modules/longest": {
      "version": "2.0.1",
      "resolved": "https://registry.npmjs.org/longest/-/longest-2.0.1.tgz",
      "integrity": "sha512-Ajzxb8CM6WAnFjgiloPsI3bF+WCxcvhdIG3KNA2KN962+tdBsHcuQ4k4qX/EcS/2CRkcc0iAkR956Nib6aXU/Q==",
      "engines": {
        "node": ">=0.10.0"
      }
    },
    "node_modules/repeat-string": {
      "version": "1.6.1",
      "resolved": "https://registry.npmjs.org/repeat-string/-/repeat-string-1.6.1.tgz",
      "integrity": "sha512-PV0dzCYDNfRi1jCDbJzpW7jNNDRuCOG/jI5ctQcGKt/clZD+YcPS3yIlWuTJMmESC8aevCFmWJy5wjAFgNqN6w==",
      "engines": {
        "node": ">=0.10"
      }
    },
    "node_modules/universalify": {
      "version": "2.0.1",
      "resolved": "https://registry.npmjs.org/universalify/-/universalify-2.0.1.tgz",
      "integrity": "sha512-gptHNQghINnc/vTGIk0SOFGFNXw7JVrlRUtConJRlvaw6DuX0wO5Jeko9sWrMBhh+PsYAZ7oXAiOnf/UKogyiw==",
      "engines": {
        "node": ">= 10.0.0"
      }
    },
    "node_modules/z3r-patch": {
      "version": "1.0.4",
      "resolved": "https://registry.npmjs.org/z3r-patch/-/z3r-patch-1.0.4.tgz",
      "integrity": "sha512-iRwI/aEjMo5gQq7RncOH1i0VbSGnmTGyoBqU+FYDp1aQ5TC8CUKOFuuwuaQopv3eaV1rh49sOv9xWcv2J0bF8g==",
      "dependencies": {
        "@jaxxy/z3pr": "^1.0.2",
        "bps": "^2.0.1",
        "center-align": "^1.0.1"
      },
      "engines": {
        "node": ">=18.0.0"
      }
    }
  }
}
